# This file was autogenerated by Stack.
# You should not edit this file by hand.
# For more information, please see the documentation at:
#   https://docs.haskellstack.org/en/stable/lock_files

packages:
- completed:
    hackage: repa-3.4.1.4@sha256:13b6513fc68008e4780ea72962bdddcf4dbdfd260bc4e1b7e65705d18d6e9bd5,3315
    pantry-tree:
      size: 2965
      sha256: d55bf2d7de7ccca003714f36baafb081f4ea115ceb7f78b78e4a2973bd639907
  original:
    hackage: repa-3.4.1.4@sha256:13b6513fc68008e4780ea72962bdddcf4dbdfd260bc4e1b7e65705d18d6e9bd5
- completed:
    hackage: bindings-libv4l2-0.1@sha256:aae2eafa3a603f7d52baad00b79c5e197b8e00678fc9ffebccd80bcf3ee67263,667
    pantry-tree:
      size: 219
      sha256: 7a45f0d7377a98f1677124d770d3ae3a0c37822eb3fdd2805a978c85835c2a28
  original:
    hackage: bindings-libv4l2-0.1@sha256:aae2eafa3a603f7d52baad00b79c5e197b8e00678fc9ffebccd80bcf3ee67263
- completed:
    hackage: bindings-linux-videodev2-0.1.0.1@sha256:d0f77629b7150757ca7cee14ebfb734e458bf056cf83c1455a02acbbfe977e88,1031
    pantry-tree:
      size: 551
      sha256: 69556d5f1e63cfcf30c2f571a0107bf84d4eac664ae251092e40e040a72ca145
  original:
    hackage: bindings-linux-videodev2-0.1.0.1@sha256:d0f77629b7150757ca7cee14ebfb734e458bf056cf83c1455a02acbbfe977e88
- completed:
    hackage: bindings-posix-1.2.7@sha256:8692c8e237926345e5e15f238461050cf909e5118bb846cf1e82f0668cd314a4,1464
    pantry-tree:
      size: 1263
      sha256: 449c448ed348559979ad97eeb3b91357b604c6522919c045e5b9198311e947b1
  original:
    hackage: bindings-posix-1.2.7@sha256:8692c8e237926345e5e15f238461050cf909e5118bb846cf1e82f0668cd314a4
- completed:
    hackage: ffmpeg-light-0.13.0@sha256:c0bcad8a64a7be3f3b3b8b94a5963845999df2c89e01f6e4d27ed646ad4bc95f,4285
    pantry-tree:
      size: 1295
      sha256: be3e3fdba0a2b4bf4d0c683f548cebf088fe1c0478117ac6e3647fd7173e85b6
  original:
    hackage: ffmpeg-light-0.13.0@sha256:c0bcad8a64a7be3f3b3b8b94a5963845999df2c89e01f6e4d27ed646ad4bc95f
- completed:
    hackage: ioctl-0.0.1@sha256:5861ee9cdf3a2159fce85e3f9213b99bbbb0132e0ff85af7fc23df5215bd2096,982
    pantry-tree:
      size: 355
      sha256: 42e51444f4ff5035d138e3ad51ded3b161681a0423185153e6a5c622cb116964
  original:
    hackage: ioctl-0.0.1@sha256:5861ee9cdf3a2159fce85e3f9213b99bbbb0132e0ff85af7fc23df5215bd2096
- completed:
    hackage: network-2.8.0.1@sha256:0f165dffa752d8cde30c2bde86f80609c4f1dc5eeb3182d593041f97839c5b3b,3011
    pantry-tree:
      size: 2488
      sha256: 2dbdda2225969dcd452d983a2ac7e52341e5fc1df76103342c9fac08fc686931
  original:
    hackage: network-2.8.0.1@sha256:0f165dffa752d8cde30c2bde86f80609c4f1dc5eeb3182d593041f97839c5b3b
- completed:
    hackage: symbols-0.3.0.0@sha256:5d051bccbd4bcb33fa8ce076bd3cd2bacc90973682f7340976758947eaa128a9,964
    pantry-tree:
      size: 529
      sha256: 06746077732f4d49d3277821303292314d51df9a63efecd47217fc0946233026
  original:
    hackage: symbols-0.3.0.0@sha256:5d051bccbd4bcb33fa8ce076bd3cd2bacc90973682f7340976758947eaa128a9,964
- completed:
    hackage: numeric-limits-0.1.0.0@sha256:214bb53112bff315e42c0e9efa4a89e2cc2e9914e6232d923b596f29f9b1afe6,456
    pantry-tree:
      size: 168
      sha256: d3217caf46e2ada396d1fcebb7aa023513fa78ff7e517b7032def53dbc912634
  original:
    hackage: numeric-limits-0.1.0.0@sha256:214bb53112bff315e42c0e9efa4a89e2cc2e9914e6232d923b596f29f9b1afe6,456
- completed:
    hackage: hip-1.5.6.0@sha256:296c55622f62485422c0a593c7306af1a5abf8ba9f866dcdffc281b01eba65d7,6988
    pantry-tree:
      size: 7456
      sha256: d79395e6ec9caf1132a7e001f6fe9b8ebada31e0e52087a4a1a971e3f295a7f4
  original:
    hackage: hip-1.5.6.0@sha256:296c55622f62485422c0a593c7306af1a5abf8ba9f866dcdffc281b01eba65d7,6988
- completed:
    name: haskell-webcam
    version: 0.1.0.0
    git: git@gitlab.doc.ic.ac.uk:g206002126/haskell-webcam.git
    pantry-tree:
      size: 1447
      sha256: 0267a3ea2aae358e06ded38c6b2821ecf5cc2ce233b53578ae46fbc796d07a66
    commit: 85f8fcfe0f5a283768cec9db719db2beb79b35ff
  original:
    git: git@gitlab.doc.ic.ac.uk:g206002126/haskell-webcam.git
    commit: 85f8fcfe0f5a283768cec9db719db2beb79b35ff
- completed:
    name: grenade
    version: 0.1.1
    git: git@gitlab.doc.ic.ac.uk:g206002126/grenade.git
    pantry-tree:
      size: 12370
      sha256: ed17082325f004428a8478e8c8d255b45d6828319fe372bc4a30af445f52e982
    commit: 45a3248e1a9f286865ceed1f3d9e9905447948b3
  original:
    git: git@gitlab.doc.ic.ac.uk:g206002126/grenade.git
    commit: 45a3248e1a9f286865ceed1f3d9e9905447948b3
snapshots:
- completed:
    size: 532177
    url: https://raw.githubusercontent.com/commercialhaskell/stackage-snapshots/master/lts/16/19.yaml
    sha256: d2b828ecf50386841d0c5700b58d38566992e10d63a062af497ab29ab031faa1
  original: lts-16.19
